// !$*UTF8*$!
{
	archiveVersion = 1;
	classes = {
	};
	objectVersion = 48;
	objects = {

/* Begin PBXBuildFile section */
		B46230341EEEDD8400C94EFF /* ConstAmount.swift in Sources */ = {isa = PBXBuildFile; fileRef = B46230191EEEDD8400C94EFF /* ConstAmount.swift */; };
		B46230351EEEDD8400C94EFF /* ConstString.swift in Sources */ = {isa = PBXBuildFile; fileRef = B462301A1EEEDD8400C94EFF /* ConstString.swift */; };
		B46230361EEEDD8400C94EFF /* ConstURL.swift in Sources */ = {isa = PBXBuildFile; fileRef = B462301B1EEEDD8400C94EFF /* ConstURL.swift */; };
		B46230371EEEDD8400C94EFF /* OOString.swift in Sources */ = {isa = PBXBuildFile; fileRef = B462301D1EEEDD8400C94EFF /* OOString.swift */; };
		B46230381EEEDD8400C94EFF /* OOURL.swift in Sources */ = {isa = PBXBuildFile; fileRef = B462301E1EEEDD8400C94EFF /* OOURL.swift */; };
		B46230391EEEDD8400C94EFF /* ViewDelegates.swift in Sources */ = {isa = PBXBuildFile; fileRef = B46230211EEEDD8400C94EFF /* ViewDelegates.swift */; };
		B462303B1EEEDD8400C94EFF /* CancelButton.swift in Sources */ = {isa = PBXBuildFile; fileRef = B46230241EEEDD8400C94EFF /* CancelButton.swift */; };
		B462303E1EEEDD8400C94EFF /* ViewController.swift in Sources */ = {isa = PBXBuildFile; fileRef = B46230281EEEDD8400C94EFF /* ViewController.swift */; };
		B462303F1EEEDD8400C94EFF /* Transition.swift in Sources */ = {isa = PBXBuildFile; fileRef = B462302A1EEEDD8400C94EFF /* Transition.swift */; };
		B46230401EEEDD8400C94EFF /* ViewDelegate.swift in Sources */ = {isa = PBXBuildFile; fileRef = B462302B1EEEDD8400C94EFF /* ViewDelegate.swift */; };
		B46230411EEEDD8400C94EFF /* TableView.swift in Sources */ = {isa = PBXBuildFile; fileRef = B462302D1EEEDD8400C94EFF /* TableView.swift */; };
		B46230451EEEDD8400C94EFF /* Memory.swift in Sources */ = {isa = PBXBuildFile; fileRef = B46230331EEEDD8400C94EFF /* Memory.swift */; };
		B462305A1EEEDDFD00C94EFF /* APIToken.swift in Sources */ = {isa = PBXBuildFile; fileRef = B46230481EEEDDFD00C94EFF /* APIToken.swift */; };
		B462305B1EEEDDFD00C94EFF /* JSONRates.swift in Sources */ = {isa = PBXBuildFile; fileRef = B46230491EEEDDFD00C94EFF /* JSONRates.swift */; };
		B462305C1EEEDDFD00C94EFF /* JSONRatesURL.swift in Sources */ = {isa = PBXBuildFile; fileRef = B462304A1EEEDDFD00C94EFF /* JSONRatesURL.swift */; };
		B462305D1EEEDDFD00C94EFF /* CurrencyRefresh.swift in Sources */ = {isa = PBXBuildFile; fileRef = B462304B1EEEDDFD00C94EFF /* CurrencyRefresh.swift */; };
		B462305E1EEEDDFD00C94EFF /* CurrencyName.swift in Sources */ = {isa = PBXBuildFile; fileRef = B462304D1EEEDDFD00C94EFF /* CurrencyName.swift */; };
		B462305F1EEEDDFD00C94EFF /* InMemoryCurrencies.swift in Sources */ = {isa = PBXBuildFile; fileRef = B462304E1EEEDDFD00C94EFF /* InMemoryCurrencies.swift */; };
		B46230601EEEDDFD00C94EFF /* InMemoryCurrency.swift in Sources */ = {isa = PBXBuildFile; fileRef = B462304F1EEEDDFD00C94EFF /* InMemoryCurrency.swift */; };
		B46230611EEEDDFD00C94EFF /* JSONRatesCurrencies.swift in Sources */ = {isa = PBXBuildFile; fileRef = B46230501EEEDDFD00C94EFF /* JSONRatesCurrencies.swift */; };
		B46230621EEEDDFD00C94EFF /* SortedCurrencies.swift in Sources */ = {isa = PBXBuildFile; fileRef = B46230511EEEDDFD00C94EFF /* SortedCurrencies.swift */; };
		B46230631EEEDDFD00C94EFF /* Currencies.swift in Sources */ = {isa = PBXBuildFile; fileRef = B46230531EEEDDFD00C94EFF /* Currencies.swift */; };
		B46230641EEEDDFD00C94EFF /* Currency.swift in Sources */ = {isa = PBXBuildFile; fileRef = B46230541EEEDDFD00C94EFF /* Currency.swift */; };
		B46230651EEEDDFD00C94EFF /* CurrencySource.swift in Sources */ = {isa = PBXBuildFile; fileRef = B46230551EEEDDFD00C94EFF /* CurrencySource.swift */; };
		B46230661EEEDDFD00C94EFF /* CurrenciesTableItems.swift in Sources */ = {isa = PBXBuildFile; fileRef = B46230571EEEDDFD00C94EFF /* CurrenciesTableItems.swift */; };
		B46230671EEEDDFD00C94EFF /* CurrenciesViewController.swift in Sources */ = {isa = PBXBuildFile; fileRef = B46230581EEEDDFD00C94EFF /* CurrenciesViewController.swift */; };
		B46230681EEEDDFD00C94EFF /* CurrencyTableViewCell.swift in Sources */ = {isa = PBXBuildFile; fileRef = B46230591EEEDDFD00C94EFF /* CurrencyTableViewCell.swift */; };
		B462306A1EEEDE7000C94EFF /* ClosingTableDelegate.swift in Sources */ = {isa = PBXBuildFile; fileRef = B46230691EEEDE7000C94EFF /* ClosingTableDelegate.swift */; };
		B462306E1EEEDED600C94EFF /* DismissTransition.swift in Sources */ = {isa = PBXBuildFile; fileRef = B462306C1EEEDED600C94EFF /* DismissTransition.swift */; };
		B46230711EEEDEFF00C94EFF /* Amount.swift in Sources */ = {isa = PBXBuildFile; fileRef = B46230701EEEDEFF00C94EFF /* Amount.swift */; };
		B462307E1EEEE07300C94EFF /* InMemoryProduct.swift in Sources */ = {isa = PBXBuildFile; fileRef = B46230741EEEE07300C94EFF /* InMemoryProduct.swift */; };
		B462307F1EEEE07300C94EFF /* InMemoryProducts.swift in Sources */ = {isa = PBXBuildFile; fileRef = B46230751EEEE07300C94EFF /* InMemoryProducts.swift */; };
		B46230811EEEE07300C94EFF /* Product.swift in Sources */ = {isa = PBXBuildFile; fileRef = B46230781EEEE07300C94EFF /* Product.swift */; };
		B46230821EEEE07300C94EFF /* Products.swift in Sources */ = {isa = PBXBuildFile; fileRef = B46230791EEEE07300C94EFF /* Products.swift */; };
		B46230831EEEE07300C94EFF /* Unit.swift in Sources */ = {isa = PBXBuildFile; fileRef = B462307A1EEEE07300C94EFF /* Unit.swift */; };
		B46230841EEEE07300C94EFF /* ProductsTableData.swift in Sources */ = {isa = PBXBuildFile; fileRef = B462307C1EEEE07300C94EFF /* ProductsTableData.swift */; };
		B46230851EEEE07300C94EFF /* ProductsViewController.swift in Sources */ = {isa = PBXBuildFile; fileRef = B462307D1EEEE07300C94EFF /* ProductsViewController.swift */; };
		B46230921EEEE0B200C94EFF /* CartItem.swift in Sources */ = {isa = PBXBuildFile; fileRef = B462308B1EEEE0B200C94EFF /* CartItem.swift */; };
		B46230931EEEE0B200C94EFF /* CartItems.swift in Sources */ = {isa = PBXBuildFile; fileRef = B462308C1EEEE0B200C94EFF /* CartItems.swift */; };
		B467003F1EEACB7500DA522C /* AppDelegate.swift in Sources */ = {isa = PBXBuildFile; fileRef = B467003E1EEACB7500DA522C /* AppDelegate.swift */; };
		B46700461EEACB7500DA522C /* Assets.xcassets in Resources */ = {isa = PBXBuildFile; fileRef = B46700451EEACB7500DA522C /* Assets.xcassets */; };
		B46700491EEACB7500DA522C /* LaunchScreen.storyboard in Resources */ = {isa = PBXBuildFile; fileRef = B46700471EEACB7500DA522C /* LaunchScreen.storyboard */; };
		B4F5FEEF1EEDCFA300B3EBC1 /* CartTests.swift in Sources */ = {isa = PBXBuildFile; fileRef = B4F5FEEE1EEDCFA300B3EBC1 /* CartTests.swift */; };
/* End PBXBuildFile section */

/* Begin PBXContainerItemProxy section */
		B4F5FEF11EEDCFA300B3EBC1 /* PBXContainerItemProxy */ = {
			isa = PBXContainerItemProxy;
			containerPortal = B46700331EEACB7500DA522C /* Project object */;
			proxyType = 1;
			remoteGlobalIDString = B467003A1EEACB7500DA522C;
			remoteInfo = Cart;
		};
/* End PBXContainerItemProxy section */

/* Begin PBXFileReference section */
		B46230191EEEDD8400C94EFF /* ConstAmount.swift */ = {isa = PBXFileReference; fileEncoding = 4; lastKnownFileType = sourcecode.swift; path = ConstAmount.swift; sourceTree = "<group>"; };
		B462301A1EEEDD8400C94EFF /* ConstString.swift */ = {isa = PBXFileReference; fileEncoding = 4; lastKnownFileType = sourcecode.swift; path = ConstString.swift; sourceTree = "<group>"; };
		B462301B1EEEDD8400C94EFF /* ConstURL.swift */ = {isa = PBXFileReference; fileEncoding = 4; lastKnownFileType = sourcecode.swift; path = ConstURL.swift; sourceTree = "<group>"; };
		B462301D1EEEDD8400C94EFF /* OOString.swift */ = {isa = PBXFileReference; fileEncoding = 4; lastKnownFileType = sourcecode.swift; path = OOString.swift; sourceTree = "<group>"; };
		B462301E1EEEDD8400C94EFF /* OOURL.swift */ = {isa = PBXFileReference; fileEncoding = 4; lastKnownFileType = sourcecode.swift; path = OOURL.swift; sourceTree = "<group>"; };
		B46230211EEEDD8400C94EFF /* ViewDelegates.swift */ = {isa = PBXFileReference; fileEncoding = 4; lastKnownFileType = sourcecode.swift; path = ViewDelegates.swift; sourceTree = "<group>"; };
		B46230241EEEDD8400C94EFF /* CancelButton.swift */ = {isa = PBXFileReference; fileEncoding = 4; lastKnownFileType = sourcecode.swift; path = CancelButton.swift; sourceTree = "<group>"; };
		B46230281EEEDD8400C94EFF /* ViewController.swift */ = {isa = PBXFileReference; fileEncoding = 4; lastKnownFileType = sourcecode.swift; path = ViewController.swift; sourceTree = "<group>"; };
		B462302A1EEEDD8400C94EFF /* Transition.swift */ = {isa = PBXFileReference; fileEncoding = 4; lastKnownFileType = sourcecode.swift; path = Transition.swift; sourceTree = "<group>"; };
		B462302B1EEEDD8400C94EFF /* ViewDelegate.swift */ = {isa = PBXFileReference; fileEncoding = 4; lastKnownFileType = sourcecode.swift; path = ViewDelegate.swift; sourceTree = "<group>"; };
		B462302D1EEEDD8400C94EFF /* TableView.swift */ = {isa = PBXFileReference; fileEncoding = 4; lastKnownFileType = sourcecode.swift; path = TableView.swift; sourceTree = "<group>"; };
		B46230331EEEDD8400C94EFF /* Memory.swift */ = {isa = PBXFileReference; fileEncoding = 4; lastKnownFileType = sourcecode.swift; path = Memory.swift; sourceTree = "<group>"; };
		B46230481EEEDDFD00C94EFF /* APIToken.swift */ = {isa = PBXFileReference; fileEncoding = 4; lastKnownFileType = sourcecode.swift; path = APIToken.swift; sourceTree = "<group>"; };
		B46230491EEEDDFD00C94EFF /* JSONRates.swift */ = {isa = PBXFileReference; fileEncoding = 4; lastKnownFileType = sourcecode.swift; path = JSONRates.swift; sourceTree = "<group>"; };
		B462304A1EEEDDFD00C94EFF /* JSONRatesURL.swift */ = {isa = PBXFileReference; fileEncoding = 4; lastKnownFileType = sourcecode.swift; path = JSONRatesURL.swift; sourceTree = "<group>"; };
		B462304B1EEEDDFD00C94EFF /* CurrencyRefresh.swift */ = {isa = PBXFileReference; fileEncoding = 4; lastKnownFileType = sourcecode.swift; path = CurrencyRefresh.swift; sourceTree = "<group>"; };
		B462304D1EEEDDFD00C94EFF /* CurrencyName.swift */ = {isa = PBXFileReference; fileEncoding = 4; lastKnownFileType = sourcecode.swift; path = CurrencyName.swift; sourceTree = "<group>"; };
		B462304E1EEEDDFD00C94EFF /* InMemoryCurrencies.swift */ = {isa = PBXFileReference; fileEncoding = 4; lastKnownFileType = sourcecode.swift; path = InMemoryCurrencies.swift; sourceTree = "<group>"; };
		B462304F1EEEDDFD00C94EFF /* InMemoryCurrency.swift */ = {isa = PBXFileReference; fileEncoding = 4; lastKnownFileType = sourcecode.swift; path = InMemoryCurrency.swift; sourceTree = "<group>"; };
		B46230501EEEDDFD00C94EFF /* JSONRatesCurrencies.swift */ = {isa = PBXFileReference; fileEncoding = 4; lastKnownFileType = sourcecode.swift; path = JSONRatesCurrencies.swift; sourceTree = "<group>"; };
		B46230511EEEDDFD00C94EFF /* SortedCurrencies.swift */ = {isa = PBXFileReference; fileEncoding = 4; lastKnownFileType = sourcecode.swift; path = SortedCurrencies.swift; sourceTree = "<group>"; };
		B46230531EEEDDFD00C94EFF /* Currencies.swift */ = {isa = PBXFileReference; fileEncoding = 4; lastKnownFileType = sourcecode.swift; path = Currencies.swift; sourceTree = "<group>"; };
		B46230541EEEDDFD00C94EFF /* Currency.swift */ = {isa = PBXFileReference; fileEncoding = 4; lastKnownFileType = sourcecode.swift; path = Currency.swift; sourceTree = "<group>"; };
		B46230551EEEDDFD00C94EFF /* CurrencySource.swift */ = {isa = PBXFileReference; fileEncoding = 4; lastKnownFileType = sourcecode.swift; path = CurrencySource.swift; sourceTree = "<group>"; };
		B46230571EEEDDFD00C94EFF /* CurrenciesTableItems.swift */ = {isa = PBXFileReference; fileEncoding = 4; lastKnownFileType = sourcecode.swift; path = CurrenciesTableItems.swift; sourceTree = "<group>"; };
		B46230581EEEDDFD00C94EFF /* CurrenciesViewController.swift */ = {isa = PBXFileReference; fileEncoding = 4; lastKnownFileType = sourcecode.swift; path = CurrenciesViewController.swift; sourceTree = "<group>"; };
		B46230591EEEDDFD00C94EFF /* CurrencyTableViewCell.swift */ = {isa = PBXFileReference; fileEncoding = 4; lastKnownFileType = sourcecode.swift; path = CurrencyTableViewCell.swift; sourceTree = "<group>"; };
		B46230691EEEDE7000C94EFF /* ClosingTableDelegate.swift */ = {isa = PBXFileReference; fileEncoding = 4; lastKnownFileType = sourcecode.swift; path = ClosingTableDelegate.swift; sourceTree = "<group>"; };
		B462306C1EEEDED600C94EFF /* DismissTransition.swift */ = {isa = PBXFileReference; fileEncoding = 4; lastKnownFileType = sourcecode.swift; path = DismissTransition.swift; sourceTree = "<group>"; };
		B46230701EEEDEFF00C94EFF /* Amount.swift */ = {isa = PBXFileReference; fileEncoding = 4; lastKnownFileType = sourcecode.swift; path = Amount.swift; sourceTree = "<group>"; };
		B46230741EEEE07300C94EFF /* InMemoryProduct.swift */ = {isa = PBXFileReference; fileEncoding = 4; lastKnownFileType = sourcecode.swift; path = InMemoryProduct.swift; sourceTree = "<group>"; };
		B46230751EEEE07300C94EFF /* InMemoryProducts.swift */ = {isa = PBXFileReference; fileEncoding = 4; lastKnownFileType = sourcecode.swift; path = InMemoryProducts.swift; sourceTree = "<group>"; };
		B46230781EEEE07300C94EFF /* Product.swift */ = {isa = PBXFileReference; fileEncoding = 4; lastKnownFileType = sourcecode.swift; path = Product.swift; sourceTree = "<group>"; };
		B46230791EEEE07300C94EFF /* Products.swift */ = {isa = PBXFileReference; fileEncoding = 4; lastKnownFileType = sourcecode.swift; path = Products.swift; sourceTree = "<group>"; };
		B462307A1EEEE07300C94EFF /* Unit.swift */ = {isa = PBXFileReference; fileEncoding = 4; lastKnownFileType = sourcecode.swift; path = Unit.swift; sourceTree = "<group>"; };
		B462307C1EEEE07300C94EFF /* ProductsTableData.swift */ = {isa = PBXFileReference; fileEncoding = 4; lastKnownFileType = sourcecode.swift; path = ProductsTableData.swift; sourceTree = "<group>"; };
		B462307D1EEEE07300C94EFF /* ProductsViewController.swift */ = {isa = PBXFileReference; fileEncoding = 4; lastKnownFileType = sourcecode.swift; path = ProductsViewController.swift; sourceTree = "<group>"; };
		B462308B1EEEE0B200C94EFF /* CartItem.swift */ = {isa = PBXFileReference; fileEncoding = 4; lastKnownFileType = sourcecode.swift; path = CartItem.swift; sourceTree = "<group>"; };
		B462308C1EEEE0B200C94EFF /* CartItems.swift */ = {isa = PBXFileReference; fileEncoding = 4; lastKnownFileType = sourcecode.swift; path = CartItems.swift; sourceTree = "<group>"; };
		B467003B1EEACB7500DA522C /* Cart.app */ = {isa = PBXFileReference; explicitFileType = wrapper.application; includeInIndex = 0; path = Cart.app; sourceTree = BUILT_PRODUCTS_DIR; };
		B467003E1EEACB7500DA522C /* AppDelegate.swift */ = {isa = PBXFileReference; lastKnownFileType = sourcecode.swift; path = AppDelegate.swift; sourceTree = "<group>"; };
		B46700451EEACB7500DA522C /* Assets.xcassets */ = {isa = PBXFileReference; lastKnownFileType = folder.assetcatalog; path = Assets.xcassets; sourceTree = "<group>"; };
		B46700481EEACB7500DA522C /* Base */ = {isa = PBXFileReference; lastKnownFileType = file.storyboard; name = Base; path = Base.lproj/LaunchScreen.storyboard; sourceTree = "<group>"; };
		B467004A1EEACB7500DA522C /* Info.plist */ = {isa = PBXFileReference; lastKnownFileType = text.plist.xml; path = Info.plist; sourceTree = "<group>"; };
		B4F5FEEC1EEDCFA300B3EBC1 /* CartTests.xctest */ = {isa = PBXFileReference; explicitFileType = wrapper.cfbundle; includeInIndex = 0; path = CartTests.xctest; sourceTree = BUILT_PRODUCTS_DIR; };
		B4F5FEEE1EEDCFA300B3EBC1 /* CartTests.swift */ = {isa = PBXFileReference; lastKnownFileType = sourcecode.swift; path = CartTests.swift; sourceTree = "<group>"; };
		B4F5FEF01EEDCFA300B3EBC1 /* Info.plist */ = {isa = PBXFileReference; lastKnownFileType = text.plist.xml; path = Info.plist; sourceTree = "<group>"; };
/* End PBXFileReference section */

/* Begin PBXFrameworksBuildPhase section */
		B46700381EEACB7500DA522C /* Frameworks */ = {
			isa = PBXFrameworksBuildPhase;
			buildActionMask = 2147483647;
			files = (
			);
			runOnlyForDeploymentPostprocessing = 0;
		};
		B4F5FEE91EEDCFA300B3EBC1 /* Frameworks */ = {
			isa = PBXFrameworksBuildPhase;
			buildActionMask = 2147483647;
			files = (
			);
			runOnlyForDeploymentPostprocessing = 0;
		};
/* End PBXFrameworksBuildPhase section */

/* Begin PBXGroup section */
		B46230161EEEDD8400C94EFF /* Core */ = {
			isa = PBXGroup;
			children = (
				B46230171EEEDD8400C94EFF /* Entities */,
				B462301F1EEEDD8400C94EFF /* UIKit */,
				B46230321EEEDD8400C94EFF /* Utils */,
			);
			name = Core;
			path = Cart/Core;
			sourceTree = SOURCE_ROOT;
		};
		B46230171EEEDD8400C94EFF /* Entities */ = {
			isa = PBXGroup;
			children = (
				B46230701EEEDEFF00C94EFF /* Amount.swift */,
				B46230181EEEDD8400C94EFF /* Const */,
				B462301C1EEEDD8400C94EFF /* Protocols */,
			);
			path = Entities;
			sourceTree = "<group>";
		};
		B46230181EEEDD8400C94EFF /* Const */ = {
			isa = PBXGroup;
			children = (
				B46230191EEEDD8400C94EFF /* ConstAmount.swift */,
				B462301A1EEEDD8400C94EFF /* ConstString.swift */,
				B462301B1EEEDD8400C94EFF /* ConstURL.swift */,
			);
			path = Const;
			sourceTree = "<group>";
		};
		B462301C1EEEDD8400C94EFF /* Protocols */ = {
			isa = PBXGroup;
			children = (
				B462301D1EEEDD8400C94EFF /* OOString.swift */,
				B462301E1EEEDD8400C94EFF /* OOURL.swift */,
			);
			path = Protocols;
			sourceTree = "<group>";
		};
		B462301F1EEEDD8400C94EFF /* UIKit */ = {
			isa = PBXGroup;
			children = (
				B462306B1EEEDED600C94EFF /* Transitions */,
				B46230201EEEDD8400C94EFF /* Adapters */,
				B46230221EEEDD8400C94EFF /* BarButtonItems */,
				B46230271EEEDD8400C94EFF /* OOP */,
				B46230291EEEDD8400C94EFF /* Protocols */,
				B462302C1EEEDD8400C94EFF /* TableView */,
			);
			path = UIKit;
			sourceTree = "<group>";
		};
		B46230201EEEDD8400C94EFF /* Adapters */ = {
			isa = PBXGroup;
			children = (
				B46230211EEEDD8400C94EFF /* ViewDelegates.swift */,
			);
			path = Adapters;
			sourceTree = "<group>";
		};
		B46230221EEEDD8400C94EFF /* BarButtonItems */ = {
			isa = PBXGroup;
			children = (
				B46230241EEEDD8400C94EFF /* CancelButton.swift */,
			);
			path = BarButtonItems;
			sourceTree = "<group>";
		};
		B46230271EEEDD8400C94EFF /* OOP */ = {
			isa = PBXGroup;
			children = (
				B46230281EEEDD8400C94EFF /* ViewController.swift */,
			);
			path = OOP;
			sourceTree = "<group>";
		};
		B46230291EEEDD8400C94EFF /* Protocols */ = {
			isa = PBXGroup;
			children = (
				B462302A1EEEDD8400C94EFF /* Transition.swift */,
				B462302B1EEEDD8400C94EFF /* ViewDelegate.swift */,
			);
			path = Protocols;
			sourceTree = "<group>";
		};
		B462302C1EEEDD8400C94EFF /* TableView */ = {
			isa = PBXGroup;
			children = (
				B46230691EEEDE7000C94EFF /* ClosingTableDelegate.swift */,
				B462302D1EEEDD8400C94EFF /* TableView.swift */,
			);
			path = TableView;
			sourceTree = "<group>";
		};
		B46230321EEEDD8400C94EFF /* Utils */ = {
			isa = PBXGroup;
			children = (
				B46230331EEEDD8400C94EFF /* Memory.swift */,
			);
			path = Utils;
			sourceTree = "<group>";
		};
		B46230461EEEDDFD00C94EFF /* Currencies */ = {
			isa = PBXGroup;
			children = (
				B46230471EEEDDFD00C94EFF /* API */,
				B462304B1EEEDDFD00C94EFF /* CurrencyRefresh.swift */,
				B462304C1EEEDDFD00C94EFF /* Model */,
				B46230521EEEDDFD00C94EFF /* Protocols */,
				B46230561EEEDDFD00C94EFF /* UI */,
			);
			path = Currencies;
			sourceTree = "<group>";
		};
		B46230471EEEDDFD00C94EFF /* API */ = {
			isa = PBXGroup;
			children = (
				B46230481EEEDDFD00C94EFF /* APIToken.swift */,
				B46230491EEEDDFD00C94EFF /* JSONRates.swift */,
				B462304A1EEEDDFD00C94EFF /* JSONRatesURL.swift */,
			);
			path = API;
			sourceTree = "<group>";
		};
		B462304C1EEEDDFD00C94EFF /* Model */ = {
			isa = PBXGroup;
			children = (
				B462304D1EEEDDFD00C94EFF /* CurrencyName.swift */,
				B462304E1EEEDDFD00C94EFF /* InMemoryCurrencies.swift */,
				B462304F1EEEDDFD00C94EFF /* InMemoryCurrency.swift */,
				B46230501EEEDDFD00C94EFF /* JSONRatesCurrencies.swift */,
				B46230511EEEDDFD00C94EFF /* SortedCurrencies.swift */,
			);
			path = Model;
			sourceTree = "<group>";
		};
		B46230521EEEDDFD00C94EFF /* Protocols */ = {
			isa = PBXGroup;
			children = (
				B46230531EEEDDFD00C94EFF /* Currencies.swift */,
				B46230541EEEDDFD00C94EFF /* Currency.swift */,
				B46230551EEEDDFD00C94EFF /* CurrencySource.swift */,
			);
			path = Protocols;
			sourceTree = "<group>";
		};
		B46230561EEEDDFD00C94EFF /* UI */ = {
			isa = PBXGroup;
			children = (
				B46230571EEEDDFD00C94EFF /* CurrenciesTableItems.swift */,
				B46230581EEEDDFD00C94EFF /* CurrenciesViewController.swift */,
				B46230591EEEDDFD00C94EFF /* CurrencyTableViewCell.swift */,
			);
			path = UI;
			sourceTree = "<group>";
		};
		B462306B1EEEDED600C94EFF /* Transitions */ = {
			isa = PBXGroup;
			children = (
				B462306C1EEEDED600C94EFF /* DismissTransition.swift */,
			);
			path = Transitions;
			sourceTree = "<group>";
		};
		B46230721EEEE07300C94EFF /* Products */ = {
			isa = PBXGroup;
			children = (
				B46230731EEEE07300C94EFF /* Model */,
				B46230761EEEE07300C94EFF /* Protocols */,
				B462307B1EEEE07300C94EFF /* UI */,
			);
			path = Products;
			sourceTree = "<group>";
		};
		B46230731EEEE07300C94EFF /* Model */ = {
			isa = PBXGroup;
			children = (
				B46230741EEEE07300C94EFF /* InMemoryProduct.swift */,
				B46230751EEEE07300C94EFF /* InMemoryProducts.swift */,
			);
			path = Model;
			sourceTree = "<group>";
		};
		B46230761EEEE07300C94EFF /* Protocols */ = {
			isa = PBXGroup;
			children = (
				B46230781EEEE07300C94EFF /* Product.swift */,
				B46230791EEEE07300C94EFF /* Products.swift */,
				B462307A1EEEE07300C94EFF /* Unit.swift */,
			);
			path = Protocols;
			sourceTree = "<group>";
		};
		B462307B1EEEE07300C94EFF /* UI */ = {
			isa = PBXGroup;
			children = (
				B462307C1EEEE07300C94EFF /* ProductsTableData.swift */,
				B462307D1EEEE07300C94EFF /* ProductsViewController.swift */,
			);
			path = UI;
			sourceTree = "<group>";
		};
		B46230861EEEE0B200C94EFF /* Cart */ = {
			isa = PBXGroup;
			children = (
				B462308A1EEEE0B200C94EFF /* Protocols */,
			);
			path = Cart;
			sourceTree = "<group>";
		};
		B462308A1EEEE0B200C94EFF /* Protocols */ = {
			isa = PBXGroup;
			children = (
				B462308B1EEEE0B200C94EFF /* CartItem.swift */,
				B462308C1EEEE0B200C94EFF /* CartItems.swift */,
			);
			path = Protocols;
			sourceTree = "<group>";
		};
		B46700321EEACB7500DA522C = {
			isa = PBXGroup;
			children = (
				B467003D1EEACB7500DA522C /* Cart */,
				B4F5FEED1EEDCFA300B3EBC1 /* CartTests */,
				B467003C1EEACB7500DA522C /* Products */,
			);
			sourceTree = "<group>";
		};
		B467003C1EEACB7500DA522C /* Products */ = {
			isa = PBXGroup;
			children = (
				B467003B1EEACB7500DA522C /* Cart.app */,
				B4F5FEEC1EEDCFA300B3EBC1 /* CartTests.xctest */,
			);
			name = Products;
			sourceTree = "<group>";
		};
		B467003D1EEACB7500DA522C /* Cart */ = {
			isa = PBXGroup;
			children = (
				B46230861EEEE0B200C94EFF /* Cart */,
				B46230721EEEE07300C94EFF /* Products */,
				B46230461EEEDDFD00C94EFF /* Currencies */,
				B46230161EEEDD8400C94EFF /* Core */,
				B467003E1EEACB7500DA522C /* AppDelegate.swift */,
				B46700451EEACB7500DA522C /* Assets.xcassets */,
				B46700471EEACB7500DA522C /* LaunchScreen.storyboard */,
				B467004A1EEACB7500DA522C /* Info.plist */,
			);
			path = Cart;
			sourceTree = "<group>";
		};
		B4F5FEED1EEDCFA300B3EBC1 /* CartTests */ = {
			isa = PBXGroup;
			children = (
				B4F5FEEE1EEDCFA300B3EBC1 /* CartTests.swift */,
				B4F5FEF01EEDCFA300B3EBC1 /* Info.plist */,
			);
			path = CartTests;
			sourceTree = "<group>";
		};
/* End PBXGroup section */

/* Begin PBXNativeTarget section */
		B467003A1EEACB7500DA522C /* Cart */ = {
			isa = PBXNativeTarget;
			buildConfigurationList = B467004D1EEACB7500DA522C /* Build configuration list for PBXNativeTarget "Cart" */;
			buildPhases = (
				B46700371EEACB7500DA522C /* Sources */,
				B46700381EEACB7500DA522C /* Frameworks */,
				B46700391EEACB7500DA522C /* Resources */,
			);
			buildRules = (
			);
			dependencies = (
			);
			name = Cart;
			productName = Cart;
			productReference = B467003B1EEACB7500DA522C /* Cart.app */;
			productType = "com.apple.product-type.application";
		};
		B4F5FEEB1EEDCFA300B3EBC1 /* CartTests */ = {
			isa = PBXNativeTarget;
			buildConfigurationList = B4F5FEF31EEDCFA300B3EBC1 /* Build configuration list for PBXNativeTarget "CartTests" */;
			buildPhases = (
				B4F5FEE81EEDCFA300B3EBC1 /* Sources */,
				B4F5FEE91EEDCFA300B3EBC1 /* Frameworks */,
				B4F5FEEA1EEDCFA300B3EBC1 /* Resources */,
			);
			buildRules = (
			);
			dependencies = (
				B4F5FEF21EEDCFA300B3EBC1 /* PBXTargetDependency */,
			);
			name = CartTests;
			productName = CartTests;
			productReference = B4F5FEEC1EEDCFA300B3EBC1 /* CartTests.xctest */;
			productType = "com.apple.product-type.bundle.unit-test";
		};
/* End PBXNativeTarget section */

/* Begin PBXProject section */
		B46700331EEACB7500DA522C /* Project object */ = {
			isa = PBXProject;
			attributes = {
				LastSwiftUpdateCheck = 0900;
				LastUpgradeCheck = 0900;
				ORGANIZATIONNAME = "Jens Meder";
				TargetAttributes = {
					B467003A1EEACB7500DA522C = {
						CreatedOnToolsVersion = 9.0;
						LastSwiftMigration = 0900;
						ProvisioningStyle = Automatic;
					};
					B4F5FEEB1EEDCFA300B3EBC1 = {
						CreatedOnToolsVersion = 9.0;
						LastSwiftMigration = 0900;
						TestTargetID = B467003A1EEACB7500DA522C;
					};
				};
			};
			buildConfigurationList = B46700361EEACB7500DA522C /* Build configuration list for PBXProject "Cart" */;
			compatibilityVersion = "Xcode 8.0";
			developmentRegion = en;
			hasScannedForEncodings = 0;
			knownRegions = (
				en,
				Base,
			);
			mainGroup = B46700321EEACB7500DA522C;
			productRefGroup = B467003C1EEACB7500DA522C /* Products */;
			projectDirPath = "";
			projectRoot = "";
			targets = (
				B467003A1EEACB7500DA522C /* Cart */,
				B4F5FEEB1EEDCFA300B3EBC1 /* CartTests */,
			);
		};
/* End PBXProject section */

/* Begin PBXResourcesBuildPhase section */
		B46700391EEACB7500DA522C /* Resources */ = {
			isa = PBXResourcesBuildPhase;
			buildActionMask = 2147483647;
			files = (
				B46700491EEACB7500DA522C /* LaunchScreen.storyboard in Resources */,
				B46700461EEACB7500DA522C /* Assets.xcassets in Resources */,
			);
			runOnlyForDeploymentPostprocessing = 0;
		};
		B4F5FEEA1EEDCFA300B3EBC1 /* Resources */ = {
			isa = PBXResourcesBuildPhase;
			buildActionMask = 2147483647;
			files = (
			);
			runOnlyForDeploymentPostprocessing = 0;
		};
/* End PBXResourcesBuildPhase section */

/* Begin PBXSourcesBuildPhase section */
		B46700371EEACB7500DA522C /* Sources */ = {
			isa = PBXSourcesBuildPhase;
			buildActionMask = 2147483647;
			files = (
				B46230601EEEDDFD00C94EFF /* InMemoryCurrency.swift in Sources */,
				B462307E1EEEE07300C94EFF /* InMemoryProduct.swift in Sources */,
				B462306E1EEEDED600C94EFF /* DismissTransition.swift in Sources */,
				B46230851EEEE07300C94EFF /* ProductsViewController.swift in Sources */,
				B462307F1EEEE07300C94EFF /* InMemoryProducts.swift in Sources */,
				B46230711EEEDEFF00C94EFF /* Amount.swift in Sources */,
				B46230631EEEDDFD00C94EFF /* Currencies.swift in Sources */,
				B46230371EEEDD8400C94EFF /* OOString.swift in Sources */,
				B46230641EEEDDFD00C94EFF /* Currency.swift in Sources */,
				B462305A1EEEDDFD00C94EFF /* APIToken.swift in Sources */,
				B46230821EEEE07300C94EFF /* Products.swift in Sources */,
				B462305C1EEEDDFD00C94EFF /* JSONRatesURL.swift in Sources */,
				B46230351EEEDD8400C94EFF /* ConstString.swift in Sources */,
				B46230401EEEDD8400C94EFF /* ViewDelegate.swift in Sources */,
				B46230671EEEDDFD00C94EFF /* CurrenciesViewController.swift in Sources */,
				B462305E1EEEDDFD00C94EFF /* CurrencyName.swift in Sources */,
				B46230361EEEDD8400C94EFF /* ConstURL.swift in Sources */,
				B46230921EEEE0B200C94EFF /* CartItem.swift in Sources */,
				B46230411EEEDD8400C94EFF /* TableView.swift in Sources */,
				B46230831EEEE07300C94EFF /* Unit.swift in Sources */,
				B462306A1EEEDE7000C94EFF /* ClosingTableDelegate.swift in Sources */,
				B46230651EEEDDFD00C94EFF /* CurrencySource.swift in Sources */,
				B46230451EEEDD8400C94EFF /* Memory.swift in Sources */,
				B46230931EEEE0B200C94EFF /* CartItems.swift in Sources */,
				B46230391EEEDD8400C94EFF /* ViewDelegates.swift in Sources */,
				B46230661EEEDDFD00C94EFF /* CurrenciesTableItems.swift in Sources */,
				B467003F1EEACB7500DA522C /* AppDelegate.swift in Sources */,
				B46230611EEEDDFD00C94EFF /* JSONRatesCurrencies.swift in Sources */,
				B462305F1EEEDDFD00C94EFF /* InMemoryCurrencies.swift in Sources */,
				B462305B1EEEDDFD00C94EFF /* JSONRates.swift in Sources */,
				B462305D1EEEDDFD00C94EFF /* CurrencyRefresh.swift in Sources */,
				B46230811EEEE07300C94EFF /* Product.swift in Sources */,
				B46230621EEEDDFD00C94EFF /* SortedCurrencies.swift in Sources */,
				B462303E1EEEDD8400C94EFF /* ViewController.swift in Sources */,
				B46230681EEEDDFD00C94EFF /* CurrencyTableViewCell.swift in Sources */,
				B462303F1EEEDD8400C94EFF /* Transition.swift in Sources */,
				B46230841EEEE07300C94EFF /* ProductsTableData.swift in Sources */,
				B46230341EEEDD8400C94EFF /* ConstAmount.swift in Sources */,
				B46230381EEEDD8400C94EFF /* OOURL.swift in Sources */,
				B462303B1EEEDD8400C94EFF /* CancelButton.swift in Sources */,
			);
			runOnlyForDeploymentPostprocessing = 0;
		};
		B4F5FEE81EEDCFA300B3EBC1 /* Sources */ = {
			isa = PBXSourcesBuildPhase;
			buildActionMask = 2147483647;
			files = (
				B4F5FEEF1EEDCFA300B3EBC1 /* CartTests.swift in Sources */,
			);
			runOnlyForDeploymentPostprocessing = 0;
		};
/* End PBXSourcesBuildPhase section */

/* Begin PBXTargetDependency section */
		B4F5FEF21EEDCFA300B3EBC1 /* PBXTargetDependency */ = {
			isa = PBXTargetDependency;
			target = B467003A1EEACB7500DA522C /* Cart */;
			targetProxy = B4F5FEF11EEDCFA300B3EBC1 /* PBXContainerItemProxy */;
		};
/* End PBXTargetDependency section */

/* Begin PBXVariantGroup section */
		B46700471EEACB7500DA522C /* LaunchScreen.storyboard */ = {
			isa = PBXVariantGroup;
			children = (
				B46700481EEACB7500DA522C /* Base */,
			);
			name = LaunchScreen.storyboard;
			sourceTree = "<group>";
		};
/* End PBXVariantGroup section */

/* Begin XCBuildConfiguration section */
		B467004B1EEACB7500DA522C /* Debug */ = {
			isa = XCBuildConfiguration;
			buildSettings = {
				ALWAYS_SEARCH_USER_PATHS = NO;
				CLANG_ANALYZER_NONNULL = YES;
				CLANG_ANALYZER_NUMBER_OBJECT_CONVERSION = YES_AGGRESSIVE;
				CLANG_CXX_LANGUAGE_STANDARD = "gnu++14";
				CLANG_CXX_LIBRARY = "libc++";
				CLANG_ENABLE_MODULES = YES;
				CLANG_ENABLE_OBJC_ARC = YES;
				CLANG_WARN_BLOCK_CAPTURE_AUTORELEASING = YES;
				CLANG_WARN_BOOL_CONVERSION = YES;
				CLANG_WARN_COMMA = YES;
				CLANG_WARN_CONSTANT_CONVERSION = YES;
				CLANG_WARN_DIRECT_OBJC_ISA_USAGE = YES_ERROR;
				CLANG_WARN_DOCUMENTATION_COMMENTS = YES;
				CLANG_WARN_EMPTY_BODY = YES;
				CLANG_WARN_ENUM_CONVERSION = YES;
				CLANG_WARN_INFINITE_RECURSION = YES;
				CLANG_WARN_INT_CONVERSION = YES;
				CLANG_WARN_NON_LITERAL_NULL_CONVERSION = YES;
				CLANG_WARN_OBJC_LITERAL_CONVERSION = YES;
				CLANG_WARN_OBJC_ROOT_CLASS = YES_ERROR;
				CLANG_WARN_RANGE_LOOP_ANALYSIS = YES;
				CLANG_WARN_STRICT_PROTOTYPES = YES;
				CLANG_WARN_SUSPICIOUS_MOVE = YES;
				CLANG_WARN_UNGUARDED_AVAILABILITY = YES_AGGRESSIVE;
				CLANG_WARN_UNREACHABLE_CODE = YES;
				CLANG_WARN__DUPLICATE_METHOD_MATCH = YES;
				CODE_SIGN_IDENTITY = "iPhone Developer";
				COPY_PHASE_STRIP = NO;
				DEBUG_INFORMATION_FORMAT = dwarf;
				ENABLE_STRICT_OBJC_MSGSEND = YES;
				ENABLE_TESTABILITY = YES;
				GCC_C_LANGUAGE_STANDARD = gnu11;
				GCC_DYNAMIC_NO_PIC = NO;
				GCC_NO_COMMON_BLOCKS = YES;
				GCC_OPTIMIZATION_LEVEL = 0;
				GCC_PREPROCESSOR_DEFINITIONS = (
					"DEBUG=1",
					"$(inherited)",
				);
				GCC_WARN_64_TO_32_BIT_CONVERSION = YES;
				GCC_WARN_ABOUT_RETURN_TYPE = YES_ERROR;
				GCC_WARN_UNDECLARED_SELECTOR = YES;
				GCC_WARN_UNINITIALIZED_AUTOS = YES_AGGRESSIVE;
				GCC_WARN_UNUSED_FUNCTION = YES;
				GCC_WARN_UNUSED_VARIABLE = YES;
				IPHONEOS_DEPLOYMENT_TARGET = 11.0;
				MTL_ENABLE_DEBUG_INFO = YES;
				ONLY_ACTIVE_ARCH = YES;
				SDKROOT = iphoneos;
				SWIFT_ACTIVE_COMPILATION_CONDITIONS = DEBUG;
				SWIFT_OPTIMIZATION_LEVEL = "-Onone";
			};
			name = Debug;
		};
		B467004C1EEACB7500DA522C /* Release */ = {
			isa = XCBuildConfiguration;
			buildSettings = {
				ALWAYS_SEARCH_USER_PATHS = NO;
				CLANG_ANALYZER_NONNULL = YES;
				CLANG_ANALYZER_NUMBER_OBJECT_CONVERSION = YES_AGGRESSIVE;
				CLANG_CXX_LANGUAGE_STANDARD = "gnu++14";
				CLANG_CXX_LIBRARY = "libc++";
				CLANG_ENABLE_MODULES = YES;
				CLANG_ENABLE_OBJC_ARC = YES;
				CLANG_WARN_BLOCK_CAPTURE_AUTORELEASING = YES;
				CLANG_WARN_BOOL_CONVERSION = YES;
				CLANG_WARN_COMMA = YES;
				CLANG_WARN_CONSTANT_CONVERSION = YES;
				CLANG_WARN_DIRECT_OBJC_ISA_USAGE = YES_ERROR;
				CLANG_WARN_DOCUMENTATION_COMMENTS = YES;
				CLANG_WARN_EMPTY_BODY = YES;
				CLANG_WARN_ENUM_CONVERSION = YES;
				CLANG_WARN_INFINITE_RECURSION = YES;
				CLANG_WARN_INT_CONVERSION = YES;
				CLANG_WARN_NON_LITERAL_NULL_CONVERSION = YES;
				CLANG_WARN_OBJC_LITERAL_CONVERSION = YES;
				CLANG_WARN_OBJC_ROOT_CLASS = YES_ERROR;
				CLANG_WARN_RANGE_LOOP_ANALYSIS = YES;
				CLANG_WARN_STRICT_PROTOTYPES = YES;
				CLANG_WARN_SUSPICIOUS_MOVE = YES;
				CLANG_WARN_UNGUARDED_AVAILABILITY = YES_AGGRESSIVE;
				CLANG_WARN_UNREACHABLE_CODE = YES;
				CLANG_WARN__DUPLICATE_METHOD_MATCH = YES;
				CODE_SIGN_IDENTITY = "iPhone Developer";
				COPY_PHASE_STRIP = NO;
				DEBUG_INFORMATION_FORMAT = "dwarf-with-dsym";
				ENABLE_NS_ASSERTIONS = NO;
				ENABLE_STRICT_OBJC_MSGSEND = YES;
				GCC_C_LANGUAGE_STANDARD = gnu11;
				GCC_NO_COMMON_BLOCKS = YES;
				GCC_WARN_64_TO_32_BIT_CONVERSION = YES;
				GCC_WARN_ABOUT_RETURN_TYPE = YES_ERROR;
				GCC_WARN_UNDECLARED_SELECTOR = YES;
				GCC_WARN_UNINITIALIZED_AUTOS = YES_AGGRESSIVE;
				GCC_WARN_UNUSED_FUNCTION = YES;
				GCC_WARN_UNUSED_VARIABLE = YES;
				IPHONEOS_DEPLOYMENT_TARGET = 11.0;
				MTL_ENABLE_DEBUG_INFO = NO;
				SDKROOT = iphoneos;
				SWIFT_OPTIMIZATION_LEVEL = "-Owholemodule";
				VALIDATE_PRODUCT = YES;
			};
			name = Release;
		};
		B467004E1EEACB7500DA522C /* Debug */ = {
			isa = XCBuildConfiguration;
			buildSettings = {
				ASSETCATALOG_COMPILER_APPICON_NAME = AppIcon;
				CLANG_STATIC_ANALYZER_MODE = deep;
				"CODE_SIGN_IDENTITY[sdk=iphoneos*]" = "iPhone Developer";
				CODE_SIGN_STYLE = Automatic;
				DEVELOPMENT_TEAM = 85B58L94GF;
				INFOPLIST_FILE = Cart/Info.plist;
				IPHONEOS_DEPLOYMENT_TARGET = 10.3;
				LD_RUNPATH_SEARCH_PATHS = "$(inherited) @executable_path/Frameworks";
				PRODUCT_BUNDLE_IDENTIFIER = de.jensmeder.Cart;
				PRODUCT_NAME = "$(TARGET_NAME)";
				PROVISIONING_PROFILE_SPECIFIER = "";
				RUN_CLANG_STATIC_ANALYZER = YES;
				SWIFT_VERSION = 3.0;
				TARGETED_DEVICE_FAMILY = 1;
				WARNING_CFLAGS = (
					"-Wall",
					"-Wextra",
					"-Wpedantic",
				);
			};
			name = Debug;
		};
		B467004F1EEACB7500DA522C /* Release */ = {
			isa = XCBuildConfiguration;
			buildSettings = {
				ASSETCATALOG_COMPILER_APPICON_NAME = AppIcon;
				CLANG_STATIC_ANALYZER_MODE = deep;
				"CODE_SIGN_IDENTITY[sdk=iphoneos*]" = "iPhone Developer";
				CODE_SIGN_STYLE = Automatic;
				DEVELOPMENT_TEAM = 85B58L94GF;
				INFOPLIST_FILE = Cart/Info.plist;
				IPHONEOS_DEPLOYMENT_TARGET = 10.3;
				LD_RUNPATH_SEARCH_PATHS = "$(inherited) @executable_path/Frameworks";
				PRODUCT_BUNDLE_IDENTIFIER = de.jensmeder.Cart;
				PRODUCT_NAME = "$(TARGET_NAME)";
				PROVISIONING_PROFILE_SPECIFIER = "";
				RUN_CLANG_STATIC_ANALYZER = YES;
				SWIFT_VERSION = 3.0;
				TARGETED_DEVICE_FAMILY = 1;
				WARNING_CFLAGS = (
					"-Wall",
					"-Wextra",
					"-Wpedantic",
				);
			};
			name = Release;
		};
		B4F5FEF41EEDCFA300B3EBC1 /* Debug */ = {
			isa = XCBuildConfiguration;
			buildSettings = {
				BUNDLE_LOADER = "$(TEST_HOST)";
				INFOPLIST_FILE = CartTests/Info.plist;
				IPHONEOS_DEPLOYMENT_TARGET = 10.3;
				LD_RUNPATH_SEARCH_PATHS = "$(inherited) @executable_path/Frameworks @loader_path/Frameworks";
				PRODUCT_BUNDLE_IDENTIFIER = de.jensmeder.CartTests;
				PRODUCT_NAME = "$(TARGET_NAME)";
				SWIFT_VERSION = 3.0;
				TARGETED_DEVICE_FAMILY = "1,2";
				TEST_HOST = "$(BUILT_PRODUCTS_DIR)/Cart.app/Cart";
			};
			name = Debug;
		};
		B4F5FEF51EEDCFA300B3EBC1 /* Release */ = {
			isa = XCBuildConfiguration;
			buildSettings = {
				BUNDLE_LOADER = "$(TEST_HOST)";
				INFOPLIST_FILE = CartTests/Info.plist;
				IPHONEOS_DEPLOYMENT_TARGET = 10.3;
				LD_RUNPATH_SEARCH_PATHS = "$(inherited) @executable_path/Frameworks @loader_path/Frameworks";
				PRODUCT_BUNDLE_IDENTIFIER = de.jensmeder.CartTests;
				PRODUCT_NAME = "$(TARGET_NAME)";
				SWIFT_VERSION = 3.0;
				TARGETED_DEVICE_FAMILY = "1,2";
				TEST_HOST = "$(BUILT_PRODUCTS_DIR)/Cart.app/Cart";
			};
			name = Release;
		};
/* End XCBuildConfiguration section */

/* Begin XCConfigurationList section */
		B46700361EEACB7500DA522C /* Build configuration list for PBXProject "Cart" */ = {
			isa = XCConfigurationList;
			buildConfigurations = (
				B467004B1EEACB7500DA522C /* Debug */,
				B467004C1EEACB7500DA522C /* Release */,
			);
			defaultConfigurationIsVisible = 0;
			defaultConfigurationName = Release;
		};
		B467004D1EEACB7500DA522C /* Build configuration list for PBXNativeTarget "Cart" */ = {
			isa = XCConfigurationList;
			buildConfigurations = (
				B467004E1EEACB7500DA522C /* Debug */,
				B467004F1EEACB7500DA522C /* Release */,
			);
			defaultConfigurationIsVisible = 0;
			defaultConfigurationName = Release;
		};
		B4F5FEF31EEDCFA300B3EBC1 /* Build configuration list for PBXNativeTarget "CartTests" */ = {
			isa = XCConfigurationList;
			buildConfigurations = (
				B4F5FEF41EEDCFA300B3EBC1 /* Debug */,
				B4F5FEF51EEDCFA300B3EBC1 /* Release */,
			);
			defaultConfigurationIsVisible = 0;
			defaultConfigurationName = Release;
		};
/* End XCConfigurationList section */
	};
	rootObject = B46700331EEACB7500DA522C /* Project object */;
}
